
Microsoft Visual Studio Solution File, Format Version 12.00
# Visual Studio Version 17
VisualStudioVersion = 17.3.32825.248
MinimumVisualStudioVersion = 10.0.40219.1
Project("{9A19103F-16F7-4668-BE54-9A1E7A4F7556}") = "geekShop.web", "GeekShop.Web\geekShop.web.csproj", "{58C0CD4E-29C4-4926-A826-BD2A65CF3E9C}"
EndProject
Project("{9A19103F-16F7-4668-BE54-9A1E7A4F7556}") = "geekShop.productAPI", "GeekShop.productAPI\geekShop.productAPI.csproj", "{D7381F63-FFA6-4BD0-BCA0-E0645D3CAAA5}"
EndProject
Project("{9A19103F-16F7-4668-BE54-9A1E7A4F7556}") = "geekShop.cartAPI", "geekShop.cartAPI\geekShop.cartAPI.csproj", "{535C3EC0-98A0-4087-8F4A-475BBEF2891B}"
EndProject
Project("{9A19103F-16F7-4668-BE54-9A1E7A4F7556}") = "geekShop.react", "geekShop.react\geekShop.react.csproj", "{18BDEC76-4757-4444-A0D2-A9069C0897B7}"
EndProject
Project("{9A19103F-16F7-4668-BE54-9A1E7A4F7556}") = "geekShop.couponAPI", "geekShop.couponAPI\geekShop.couponAPI.csproj", "{599D46AC-35A5-4BE1-9485-C2DE229E4A28}"
EndProject
Project("{9A19103F-16F7-4668-BE54-9A1E7A4F7556}") = "geekShop.MessageBus", "geekShop.MessageBus\geekShop.MessageBus.csproj", "{203D1EC7-C9E9-48B9-9EE9-68436FABF2FB}"
EndProject
Project("{FAE04EC0-301F-11D3-BF4B-00C04F79EFBC}") = "geekShop.orderAPI", "geekShop.orderAPI\geekShop.orderAPI.csproj", "{48D12696-430D-4B7E-8503-203E1ECDE94E}"
EndProject
Global
	GlobalSection(SolutionConfigurationPlatforms) = preSolution
		Debug|Any CPU = Debug|Any CPU
		Release|Any CPU = Release|Any CPU
	EndGlobalSection
	GlobalSection(ProjectConfigurationPlatforms) = postSolution
		{58C0CD4E-29C4-4926-A826-BD2A65CF3E9C}.Debug|Any CPU.ActiveCfg = Debug|Any CPU
		{58C0CD4E-29C4-4926-A826-BD2A65CF3E9C}.Debug|Any CPU.Build.0 = Debug|Any CPU
		{58C0CD4E-29C4-4926-A826-BD2A65CF3E9C}.Release|Any CPU.ActiveCfg = Release|Any CPU
		{58C0CD4E-29C4-4926-A826-BD2A65CF3E9C}.Release|Any CPU.Build.0 = Release|Any CPU
		{D7381F63-FFA6-4BD0-BCA0-E0645D3CAAA5}.Debug|Any CPU.ActiveCfg = Debug|Any CPU
		{D7381F63-FFA6-4BD0-BCA0-E0645D3CAAA5}.Debug|Any CPU.Build.0 = Debug|Any CPU
		{D7381F63-FFA6-4BD0-BCA0-E0645D3CAAA5}.Release|Any CPU.ActiveCfg = Release|Any CPU
		{D7381F63-FFA6-4BD0-BCA0-E0645D3CAAA5}.Release|Any CPU.Build.0 = Release|Any CPU
		{535C3EC0-98A0-4087-8F4A-475BBEF2891B}.Debug|Any CPU.ActiveCfg = Debug|Any CPU
		{535C3EC0-98A0-4087-8F4A-475BBEF2891B}.Debug|Any CPU.Build.0 = Debug|Any CPU
		{535C3EC0-98A0-4087-8F4A-475BBEF2891B}.Release|Any CPU.ActiveCfg = Release|Any CPU
		{535C3EC0-98A0-4087-8F4A-475BBEF2891B}.Release|Any CPU.Build.0 = Release|Any CPU
		{18BDEC76-4757-4444-A0D2-A9069C0897B7}.Debug|Any CPU.ActiveCfg = Debug|Any CPU
		{18BDEC76-4757-4444-A0D2-A9069C0897B7}.Debug|Any CPU.Build.0 = Debug|Any CPU
		{18BDEC76-4757-4444-A0D2-A9069C0897B7}.Release|Any CPU.ActiveCfg = Release|Any CPU
		{18BDEC76-4757-4444-A0D2-A9069C0897B7}.Release|Any CPU.Build.0 = Release|Any CPU
		{599D46AC-35A5-4BE1-9485-C2DE229E4A28}.Debug|Any CPU.ActiveCfg = Debug|Any CPU
		{599D46AC-35A5-4BE1-9485-C2DE229E4A28}.Debug|Any CPU.Build.0 = Debug|Any CPU
		{599D46AC-35A5-4BE1-9485-C2DE229E4A28}.Release|Any CPU.ActiveCfg = Release|Any CPU
		{599D46AC-35A5-4BE1-9485-C2DE229E4A28}.Release|Any CPU.Build.0 = Release|Any CPU
		{203D1EC7-C9E9-48B9-9EE9-68436FABF2FB}.Debug|Any CPU.ActiveCfg = Debug|Any CPU
		{203D1EC7-C9E9-48B9-9EE9-68436FABF2FB}.Debug|Any CPU.Build.0 = Debug|Any CPU
		{203D1EC7-C9E9-48B9-9EE9-68436FABF2FB}.Release|Any CPU.ActiveCfg = Release|Any CPU
		{203D1EC7-C9E9-48B9-9EE9-68436FABF2FB}.Release|Any CPU.Build.0 = Release|Any CPU
		{48D12696-430D-4B7E-8503-203E1ECDE94E}.Debug|Any CPU.ActiveCfg = Debug|Any CPU
		{48D12696-430D-4B7E-8503-203E1ECDE94E}.Debug|Any CPU.Build.0 = Debug|Any CPU
		{48D12696-430D-4B7E-8503-203E1ECDE94E}.Release|Any CPU.ActiveCfg = Release|Any CPU
		{48D12696-430D-4B7E-8503-203E1ECDE94E}.Release|Any CPU.Build.0 = Release|Any CPU
	EndGlobalSection
	GlobalSection(SolutionProperties) = preSolution
		HideSolutionNode = FALSE
	EndGlobalSection
	GlobalSection(ExtensibilityGlobals) = postSolution
		SolutionGuid = {B8FF52EA-93D3-4051-870E-F3B8978C338A}
	EndGlobalSection
EndGlobal
