
Microsoft Visual Studio Solution File, Format Version 12.00
# Visual Studio Version 17
VisualStudioVersion = 17.3.32825.248
MinimumVisualStudioVersion = 10.0.40219.1
Project("{9A19103F-16F7-4668-BE54-9A1E7A4F7556}") = "geekShop.web", "GeekShop.Web\geekShop.web.csproj", "{58C0CD4E-29C4-4926-A826-BD2A65CF3E9C}"
EndProject
Project("{2150E333-8FDC-42A3-9474-1A3956D46DE8}") = "FrontEnd", "FrontEnd", "{BAA41003-6917-4E35-A3D3-E4CA510A8CEF}"
EndProject
Project("{2150E333-8FDC-42A3-9474-1A3956D46DE8}") = "Services", "Services", "{D5B341E7-BE30-463A-87D9-C08C7AC64ED9}"
EndProject
Project("{9A19103F-16F7-4668-BE54-9A1E7A4F7556}") = "geekShop.cartAPI", "geekShop.cartAPI\geekShop.cartAPI.csproj", "{BAA80FDF-8BCD-456F-90BF-F0CA92F9B168}"
EndProject
Project("{9A19103F-16F7-4668-BE54-9A1E7A4F7556}") = "geekShop.productAPI", "GeekShop.productAPI\geekShop.productAPI.csproj", "{5F7B351E-21B8-4C64-B15F-9DC44A636E66}"
EndProject
Global
	GlobalSection(SolutionConfigurationPlatforms) = preSolution
		Debug|Any CPU = Debug|Any CPU
		Release|Any CPU = Release|Any CPU
	EndGlobalSection
	GlobalSection(ProjectConfigurationPlatforms) = postSolution
		{58C0CD4E-29C4-4926-A826-BD2A65CF3E9C}.Debug|Any CPU.ActiveCfg = Debug|Any CPU
		{58C0CD4E-29C4-4926-A826-BD2A65CF3E9C}.Debug|Any CPU.Build.0 = Debug|Any CPU
		{58C0CD4E-29C4-4926-A826-BD2A65CF3E9C}.Release|Any CPU.ActiveCfg = Release|Any CPU
		{58C0CD4E-29C4-4926-A826-BD2A65CF3E9C}.Release|Any CPU.Build.0 = Release|Any CPU
		{BAA80FDF-8BCD-456F-90BF-F0CA92F9B168}.Debug|Any CPU.ActiveCfg = Debug|Any CPU
		{BAA80FDF-8BCD-456F-90BF-F0CA92F9B168}.Debug|Any CPU.Build.0 = Debug|Any CPU
		{BAA80FDF-8BCD-456F-90BF-F0CA92F9B168}.Release|Any CPU.ActiveCfg = Release|Any CPU
		{BAA80FDF-8BCD-456F-90BF-F0CA92F9B168}.Release|Any CPU.Build.0 = Release|Any CPU
		{5F7B351E-21B8-4C64-B15F-9DC44A636E66}.Debug|Any CPU.ActiveCfg = Debug|Any CPU
		{5F7B351E-21B8-4C64-B15F-9DC44A636E66}.Debug|Any CPU.Build.0 = Debug|Any CPU
		{5F7B351E-21B8-4C64-B15F-9DC44A636E66}.Release|Any CPU.ActiveCfg = Release|Any CPU
		{5F7B351E-21B8-4C64-B15F-9DC44A636E66}.Release|Any CPU.Build.0 = Release|Any CPU
	EndGlobalSection
	GlobalSection(SolutionProperties) = preSolution
		HideSolutionNode = FALSE
	EndGlobalSection
	GlobalSection(NestedProjects) = preSolution
		{58C0CD4E-29C4-4926-A826-BD2A65CF3E9C} = {BAA41003-6917-4E35-A3D3-E4CA510A8CEF}
		{BAA80FDF-8BCD-456F-90BF-F0CA92F9B168} = {D5B341E7-BE30-463A-87D9-C08C7AC64ED9}
		{5F7B351E-21B8-4C64-B15F-9DC44A636E66} = {D5B341E7-BE30-463A-87D9-C08C7AC64ED9}
	EndGlobalSection
	GlobalSection(ExtensibilityGlobals) = postSolution
		SolutionGuid = {B8FF52EA-93D3-4051-870E-F3B8978C338A}
	EndGlobalSection
EndGlobal
